// !$*UTF8*$!
{
	archiveVersion = 1;
	classes = {
	};
	objectVersion = 46;
	objects = {

/* Begin PBXBuildFile section */
		70A56C5B18E7A02D00F84030 /* TabBarViewController.m in Sources */ = {isa = PBXBuildFile; fileRef = 70A56C5A18E7A02D00F84030 /* TabBarViewController.m */; };
		70A7355E18E74BFC00526D85 /* Foundation.framework in Frameworks */ = {isa = PBXBuildFile; fileRef = 70A7355D18E74BFC00526D85 /* Foundation.framework */; };
		70A7356018E74BFC00526D85 /* CoreGraphics.framework in Frameworks */ = {isa = PBXBuildFile; fileRef = 70A7355F18E74BFC00526D85 /* CoreGraphics.framework */; };
		70A7356218E74BFC00526D85 /* UIKit.framework in Frameworks */ = {isa = PBXBuildFile; fileRef = 70A7356118E74BFC00526D85 /* UIKit.framework */; };
		70A7356818E74BFC00526D85 /* InfoPlist.strings in Resources */ = {isa = PBXBuildFile; fileRef = 70A7356618E74BFC00526D85 /* InfoPlist.strings */; };
		70A7356A18E74BFC00526D85 /* main.m in Sources */ = {isa = PBXBuildFile; fileRef = 70A7356918E74BFC00526D85 /* main.m */; };
		70A7356E18E74BFC00526D85 /* CMJAppDelegate.m in Sources */ = {isa = PBXBuildFile; fileRef = 70A7356D18E74BFC00526D85 /* CMJAppDelegate.m */; };
		70A7357018E74BFC00526D85 /* Images.xcassets in Resources */ = {isa = PBXBuildFile; fileRef = 70A7356F18E74BFC00526D85 /* Images.xcassets */; };
		70A7357718E74BFC00526D85 /* XCTest.framework in Frameworks */ = {isa = PBXBuildFile; fileRef = 70A7357618E74BFC00526D85 /* XCTest.framework */; };
		70A7357818E74BFC00526D85 /* Foundation.framework in Frameworks */ = {isa = PBXBuildFile; fileRef = 70A7355D18E74BFC00526D85 /* Foundation.framework */; };
		70A7357918E74BFC00526D85 /* UIKit.framework in Frameworks */ = {isa = PBXBuildFile; fileRef = 70A7356118E74BFC00526D85 /* UIKit.framework */; };
		70A7358118E74BFC00526D85 /* InfoPlist.strings in Resources */ = {isa = PBXBuildFile; fileRef = 70A7357F18E74BFC00526D85 /* InfoPlist.strings */; };
		70A7358318E74BFC00526D85 /* WildKingdomBoundlessTests.m in Sources */ = {isa = PBXBuildFile; fileRef = 70A7358218E74BFC00526D85 /* WildKingdomBoundlessTests.m */; };
		70A7359118E74D2C00526D85 /* CMJPhotosViewController.m in Sources */ = {isa = PBXBuildFile; fileRef = 70A7359018E74D2C00526D85 /* CMJPhotosViewController.m */; };
		70A7359418E7622000526D85 /* CMJViewControllerCell.m in Sources */ = {isa = PBXBuildFile; fileRef = 70A7359318E7622000526D85 /* CMJViewControllerCell.m */; };
/* End PBXBuildFile section */

/* Begin PBXContainerItemProxy section */
		70A7357A18E74BFC00526D85 /* PBXContainerItemProxy */ = {
			isa = PBXContainerItemProxy;
			containerPortal = 70A7355218E74BFC00526D85 /* Project object */;
			proxyType = 1;
			remoteGlobalIDString = 70A7355918E74BFC00526D85;
			remoteInfo = WildKingdomBoundless;
		};
/* End PBXContainerItemProxy section */

/* Begin PBXFileReference section */
		70A56C5918E7A02D00F84030 /* TabBarViewController.h */ = {isa = PBXFileReference; fileEncoding = 4; lastKnownFileType = sourcecode.c.h; path = TabBarViewController.h; sourceTree = "<group>"; };
		70A56C5A18E7A02D00F84030 /* TabBarViewController.m */ = {isa = PBXFileReference; fileEncoding = 4; lastKnownFileType = sourcecode.c.objc; path = TabBarViewController.m; sourceTree = "<group>"; };
		70A7355A18E74BFC00526D85 /* WildKingdomBoundless.app */ = {isa = PBXFileReference; explicitFileType = wrapper.application; includeInIndex = 0; path = WildKingdomBoundless.app; sourceTree = BUILT_PRODUCTS_DIR; };
		70A7355D18E74BFC00526D85 /* Foundation.framework */ = {isa = PBXFileReference; lastKnownFileType = wrapper.framework; name = Foundation.framework; path = System/Library/Frameworks/Foundation.framework; sourceTree = SDKROOT; };
		70A7355F18E74BFC00526D85 /* CoreGraphics.framework */ = {isa = PBXFileReference; lastKnownFileType = wrapper.framework; name = CoreGraphics.framework; path = System/Library/Frameworks/CoreGraphics.framework; sourceTree = SDKROOT; };
		70A7356118E74BFC00526D85 /* UIKit.framework */ = {isa = PBXFileReference; lastKnownFileType = wrapper.framework; name = UIKit.framework; path = System/Library/Frameworks/UIKit.framework; sourceTree = SDKROOT; };
		70A7356518E74BFC00526D85 /* WildKingdomBoundless-Info.plist */ = {isa = PBXFileReference; lastKnownFileType = text.plist.xml; path = "WildKingdomBoundless-Info.plist"; sourceTree = "<group>"; };
		70A7356718E74BFC00526D85 /* en */ = {isa = PBXFileReference; lastKnownFileType = text.plist.strings; name = en; path = en.lproj/InfoPlist.strings; sourceTree = "<group>"; };
		70A7356918E74BFC00526D85 /* main.m */ = {isa = PBXFileReference; lastKnownFileType = sourcecode.c.objc; path = main.m; sourceTree = "<group>"; };
		70A7356B18E74BFC00526D85 /* WildKingdomBoundless-Prefix.pch */ = {isa = PBXFileReference; lastKnownFileType = sourcecode.c.h; path = "WildKingdomBoundless-Prefix.pch"; sourceTree = "<group>"; };
		70A7356C18E74BFC00526D85 /* CMJAppDelegate.h */ = {isa = PBXFileReference; lastKnownFileType = sourcecode.c.h; path = CMJAppDelegate.h; sourceTree = "<group>"; };
		70A7356D18E74BFC00526D85 /* CMJAppDelegate.m */ = {isa = PBXFileReference; lastKnownFileType = sourcecode.c.objc; path = CMJAppDelegate.m; sourceTree = "<group>"; };
		70A7356F18E74BFC00526D85 /* Images.xcassets */ = {isa = PBXFileReference; lastKnownFileType = folder.assetcatalog; path = Images.xcassets; sourceTree = "<group>"; };
		70A7357518E74BFC00526D85 /* WildKingdomBoundlessTests.xctest */ = {isa = PBXFileReference; explicitFileType = wrapper.cfbundle; includeInIndex = 0; path = WildKingdomBoundlessTests.xctest; sourceTree = BUILT_PRODUCTS_DIR; };
		70A7357618E74BFC00526D85 /* XCTest.framework */ = {isa = PBXFileReference; lastKnownFileType = wrapper.framework; name = XCTest.framework; path = Library/Frameworks/XCTest.framework; sourceTree = DEVELOPER_DIR; };
		70A7357E18E74BFC00526D85 /* WildKingdomBoundlessTests-Info.plist */ = {isa = PBXFileReference; lastKnownFileType = text.plist.xml; path = "WildKingdomBoundlessTests-Info.plist"; sourceTree = "<group>"; };
		70A7358018E74BFC00526D85 /* en */ = {isa = PBXFileReference; lastKnownFileType = text.plist.strings; name = en; path = en.lproj/InfoPlist.strings; sourceTree = "<group>"; };
		70A7358218E74BFC00526D85 /* WildKingdomBoundlessTests.m */ = {isa = PBXFileReference; lastKnownFileType = sourcecode.c.objc; path = WildKingdomBoundlessTests.m; sourceTree = "<group>"; };
		70A7358F18E74D2C00526D85 /* CMJPhotosViewController.h */ = {isa = PBXFileReference; fileEncoding = 4; lastKnownFileType = sourcecode.c.h; path = CMJPhotosViewController.h; sourceTree = "<group>"; };
		70A7359018E74D2C00526D85 /* CMJPhotosViewController.m */ = {isa = PBXFileReference; fileEncoding = 4; lastKnownFileType = sourcecode.c.objc; path = CMJPhotosViewController.m; sourceTree = "<group>"; };
		70A7359218E7622000526D85 /* CMJViewControllerCell.h */ = {isa = PBXFileReference; fileEncoding = 4; lastKnownFileType = sourcecode.c.h; path = CMJViewControllerCell.h; sourceTree = "<group>"; };
		70A7359318E7622000526D85 /* CMJViewControllerCell.m */ = {isa = PBXFileReference; fileEncoding = 4; lastKnownFileType = sourcecode.c.objc; path = CMJViewControllerCell.m; sourceTree = "<group>"; };
/* End PBXFileReference section */

/* Begin PBXFrameworksBuildPhase section */
		70A7355718E74BFC00526D85 /* Frameworks */ = {
			isa = PBXFrameworksBuildPhase;
			buildActionMask = 2147483647;
			files = (
				70A7356018E74BFC00526D85 /* CoreGraphics.framework in Frameworks */,
				70A7356218E74BFC00526D85 /* UIKit.framework in Frameworks */,
				70A7355E18E74BFC00526D85 /* Foundation.framework in Frameworks */,
			);
			runOnlyForDeploymentPostprocessing = 0;
		};
		70A7357218E74BFC00526D85 /* Frameworks */ = {
			isa = PBXFrameworksBuildPhase;
			buildActionMask = 2147483647;
			files = (
				70A7357718E74BFC00526D85 /* XCTest.framework in Frameworks */,
				70A7357918E74BFC00526D85 /* UIKit.framework in Frameworks */,
				70A7357818E74BFC00526D85 /* Foundation.framework in Frameworks */,
			);
			runOnlyForDeploymentPostprocessing = 0;
		};
/* End PBXFrameworksBuildPhase section */

/* Begin PBXGroup section */
		70A7355118E74BFC00526D85 = {
			isa = PBXGroup;
			children = (
				70A56C5918E7A02D00F84030 /* TabBarViewController.h */,
				70A56C5A18E7A02D00F84030 /* TabBarViewController.m */,
				70A7356318E74BFC00526D85 /* WildKingdomBoundless */,
				70A7357C18E74BFC00526D85 /* WildKingdomBoundlessTests */,
				70A7355C18E74BFC00526D85 /* Frameworks */,
				70A7355B18E74BFC00526D85 /* Products */,
			);
			sourceTree = "<group>";
		};
		70A7355B18E74BFC00526D85 /* Products */ = {
			isa = PBXGroup;
			children = (
				70A7355A18E74BFC00526D85 /* WildKingdomBoundless.app */,
				70A7357518E74BFC00526D85 /* WildKingdomBoundlessTests.xctest */,
			);
			name = Products;
			sourceTree = "<group>";
		};
		70A7355C18E74BFC00526D85 /* Frameworks */ = {
			isa = PBXGroup;
			children = (
				70A7355D18E74BFC00526D85 /* Foundation.framework */,
				70A7355F18E74BFC00526D85 /* CoreGraphics.framework */,
				70A7356118E74BFC00526D85 /* UIKit.framework */,
				70A7357618E74BFC00526D85 /* XCTest.framework */,
			);
			name = Frameworks;
			sourceTree = "<group>";
		};
		70A7356318E74BFC00526D85 /* WildKingdomBoundless */ = {
			isa = PBXGroup;
			children = (
				70A7356C18E74BFC00526D85 /* CMJAppDelegate.h */,
				70A7356D18E74BFC00526D85 /* CMJAppDelegate.m */,
				70A7358F18E74D2C00526D85 /* CMJPhotosViewController.h */,
				70A7359018E74D2C00526D85 /* CMJPhotosViewController.m */,
				70A7356F18E74BFC00526D85 /* Images.xcassets */,
				70A7356418E74BFC00526D85 /* Supporting Files */,
				70A7359218E7622000526D85 /* CMJViewControllerCell.h */,
				70A7359318E7622000526D85 /* CMJViewControllerCell.m */,
			);
			path = WildKingdomBoundless;
			sourceTree = "<group>";
		};
		70A7356418E74BFC00526D85 /* Supporting Files */ = {
			isa = PBXGroup;
			children = (
				70A7356518E74BFC00526D85 /* WildKingdomBoundless-Info.plist */,
				70A7356618E74BFC00526D85 /* InfoPlist.strings */,
				70A7356918E74BFC00526D85 /* main.m */,
				70A7356B18E74BFC00526D85 /* WildKingdomBoundless-Prefix.pch */,
			);
			name = "Supporting Files";
			sourceTree = "<group>";
		};
		70A7357C18E74BFC00526D85 /* WildKingdomBoundlessTests */ = {
			isa = PBXGroup;
			children = (
				70A7358218E74BFC00526D85 /* WildKingdomBoundlessTests.m */,
				70A7357D18E74BFC00526D85 /* Supporting Files */,
			);
			path = WildKingdomBoundlessTests;
			sourceTree = "<group>";
		};
		70A7357D18E74BFC00526D85 /* Supporting Files */ = {
			isa = PBXGroup;
			children = (
				70A7357E18E74BFC00526D85 /* WildKingdomBoundlessTests-Info.plist */,
				70A7357F18E74BFC00526D85 /* InfoPlist.strings */,
			);
			name = "Supporting Files";
			sourceTree = "<group>";
		};
/* End PBXGroup section */

/* Begin PBXNativeTarget section */
		70A7355918E74BFC00526D85 /* WildKingdomBoundless */ = {
			isa = PBXNativeTarget;
			buildConfigurationList = 70A7358618E74BFC00526D85 /* Build configuration list for PBXNativeTarget "WildKingdomBoundless" */;
			buildPhases = (
				70A7355618E74BFC00526D85 /* Sources */,
				70A7355718E74BFC00526D85 /* Frameworks */,
				70A7355818E74BFC00526D85 /* Resources */,
			);
			buildRules = (
			);
			dependencies = (
			);
			name = WildKingdomBoundless;
			productName = WildKingdomBoundless;
			productReference = 70A7355A18E74BFC00526D85 /* WildKingdomBoundless.app */;
			productType = "com.apple.product-type.application";
		};
		70A7357418E74BFC00526D85 /* WildKingdomBoundlessTests */ = {
			isa = PBXNativeTarget;
			buildConfigurationList = 70A7358918E74BFC00526D85 /* Build configuration list for PBXNativeTarget "WildKingdomBoundlessTests" */;
			buildPhases = (
				70A7357118E74BFC00526D85 /* Sources */,
				70A7357218E74BFC00526D85 /* Frameworks */,
				70A7357318E74BFC00526D85 /* Resources */,
			);
			buildRules = (
			);
			dependencies = (
				70A7357B18E74BFC00526D85 /* PBXTargetDependency */,
			);
			name = WildKingdomBoundlessTests;
			productName = WildKingdomBoundlessTests;
			productReference = 70A7357518E74BFC00526D85 /* WildKingdomBoundlessTests.xctest */;
			productType = "com.apple.product-type.bundle.unit-test";
		};
/* End PBXNativeTarget section */

/* Begin PBXProject section */
		70A7355218E74BFC00526D85 /* Project object */ = {
			isa = PBXProject;
			attributes = {
				CLASSPREFIX = CMJ;
				LastUpgradeCheck = 0510;
				ORGANIZATIONNAME = "Claire Jencks";
				TargetAttributes = {
					70A7357418E74BFC00526D85 = {
						TestTargetID = 70A7355918E74BFC00526D85;
					};
				};
			};
			buildConfigurationList = 70A7355518E74BFC00526D85 /* Build configuration list for PBXProject "WildKingdomBoundless" */;
			compatibilityVersion = "Xcode 3.2";
			developmentRegion = English;
			hasScannedForEncodings = 0;
			knownRegions = (
				en,
			);
			mainGroup = 70A7355118E74BFC00526D85;
			productRefGroup = 70A7355B18E74BFC00526D85 /* Products */;
			projectDirPath = "";
			projectRoot = "";
			targets = (
				70A7355918E74BFC00526D85 /* WildKingdomBoundless */,
				70A7357418E74BFC00526D85 /* WildKingdomBoundlessTests */,
			);
		};
/* End PBXProject section */

/* Begin PBXResourcesBuildPhase section */
		70A7355818E74BFC00526D85 /* Resources */ = {
			isa = PBXResourcesBuildPhase;
			buildActionMask = 2147483647;
			files = (
				70A7356818E74BFC00526D85 /* InfoPlist.strings in Resources */,
				70A7357018E74BFC00526D85 /* Images.xcassets in Resources */,
			);
			runOnlyForDeploymentPostprocessing = 0;
		};
		70A7357318E74BFC00526D85 /* Resources */ = {
			isa = PBXResourcesBuildPhase;
			buildActionMask = 2147483647;
			files = (
				70A7358118E74BFC00526D85 /* InfoPlist.strings in Resources */,
			);
			runOnlyForDeploymentPostprocessing = 0;
		};
/* End PBXResourcesBuildPhase section */

/* Begin PBXSourcesBuildPhase section */
		70A7355618E74BFC00526D85 /* Sources */ = {
			isa = PBXSourcesBuildPhase;
			buildActionMask = 2147483647;
			files = (
				70A56C5B18E7A02D00F84030 /* TabBarViewController.m in Sources */,
				70A7356A18E74BFC00526D85 /* main.m in Sources */,
				70A7359118E74D2C00526D85 /* CMJPhotosViewController.m in Sources */,
				70A7356E18E74BFC00526D85 /* CMJAppDelegate.m in Sources */,
				70A7359418E7622000526D85 /* CMJViewControllerCell.m in Sources */,
			);
			runOnlyForDeploymentPostprocessing = 0;
		};
		70A7357118E74BFC00526D85 /* Sources */ = {
			isa = PBXSourcesBuildPhase;
			buildActionMask = 2147483647;
			files = (
				70A7358318E74BFC00526D85 /* WildKingdomBoundlessTests.m in Sources */,
			);
			runOnlyForDeploymentPostprocessing = 0;
		};
/* End PBXSourcesBuildPhase section */

/* Begin PBXTargetDependency section */
		70A7357B18E74BFC00526D85 /* PBXTargetDependency */ = {
			isa = PBXTargetDependency;
			target = 70A7355918E74BFC00526D85 /* WildKingdomBoundless */;
			targetProxy = 70A7357A18E74BFC00526D85 /* PBXContainerItemProxy */;
		};
/* End PBXTargetDependency section */

/* Begin PBXVariantGroup section */
		70A7356618E74BFC00526D85 /* InfoPlist.strings */ = {
			isa = PBXVariantGroup;
			children = (
				70A7356718E74BFC00526D85 /* en */,
			);
			name = InfoPlist.strings;
			sourceTree = "<group>";
		};
		70A7357F18E74BFC00526D85 /* InfoPlist.strings */ = {
			isa = PBXVariantGroup;
			children = (
				70A7358018E74BFC00526D85 /* en */,
			);
			name = InfoPlist.strings;
			sourceTree = "<group>";
		};
/* End PBXVariantGroup section */

/* Begin XCBuildConfiguration section */
		70A7358418E74BFC00526D85 /* Debug */ = {
			isa = XCBuildConfiguration;
			buildSettings = {
				ALWAYS_SEARCH_USER_PATHS = NO;
				CLANG_CXX_LANGUAGE_STANDARD = "gnu++0x";
				CLANG_CXX_LIBRARY = "libc++";
				CLANG_ENABLE_MODULES = YES;
				CLANG_ENABLE_OBJC_ARC = YES;
				CLANG_WARN_BOOL_CONVERSION = YES;
				CLANG_WARN_CONSTANT_CONVERSION = YES;
				CLANG_WARN_DIRECT_OBJC_ISA_USAGE = YES_ERROR;
				CLANG_WARN_EMPTY_BODY = YES;
				CLANG_WARN_ENUM_CONVERSION = YES;
				CLANG_WARN_INT_CONVERSION = YES;
				CLANG_WARN_OBJC_ROOT_CLASS = YES_ERROR;
				CLANG_WARN__DUPLICATE_METHOD_MATCH = YES;
				"CODE_SIGN_IDENTITY[sdk=iphoneos*]" = "iPhone Developer";
				COPY_PHASE_STRIP = NO;
				GCC_C_LANGUAGE_STANDARD = gnu99;
				GCC_DYNAMIC_NO_PIC = NO;
				GCC_OPTIMIZATION_LEVEL = 0;
				GCC_PREPROCESSOR_DEFINITIONS = (
					"DEBUG=1",
					"$(inherited)",
				);
				GCC_SYMBOLS_PRIVATE_EXTERN = NO;
				GCC_WARN_64_TO_32_BIT_CONVERSION = YES;
				GCC_WARN_ABOUT_RETURN_TYPE = YES_ERROR;
				GCC_WARN_UNDECLARED_SELECTOR = YES;
				GCC_WARN_UNINITIALIZED_AUTOS = YES_AGGRESSIVE;
				GCC_WARN_UNUSED_FUNCTION = YES;
				GCC_WARN_UNUSED_VARIABLE = YES;
				IPHONEOS_DEPLOYMENT_TARGET = 7.1;
				ONLY_ACTIVE_ARCH = YES;
				SDKROOT = iphoneos;
			};
			name = Debug;
		};
		70A7358518E74BFC00526D85 /* Release */ = {
			isa = XCBuildConfiguration;
			buildSettings = {
				ALWAYS_SEARCH_USER_PATHS = NO;
				CLANG_CXX_LANGUAGE_STANDARD = "gnu++0x";
				CLANG_CXX_LIBRARY = "libc++";
				CLANG_ENABLE_MODULES = YES;
				CLANG_ENABLE_OBJC_ARC = YES;
				CLANG_WARN_BOOL_CONVERSION = YES;
				CLANG_WARN_CONSTANT_CONVERSION = YES;
				CLANG_WARN_DIRECT_OBJC_ISA_USAGE = YES_ERROR;
				CLANG_WARN_EMPTY_BODY = YES;
				CLANG_WARN_ENUM_CONVERSION = YES;
				CLANG_WARN_INT_CONVERSION = YES;
				CLANG_WARN_OBJC_ROOT_CLASS = YES_ERROR;
				CLANG_WARN__DUPLICATE_METHOD_MATCH = YES;
				"CODE_SIGN_IDENTITY[sdk=iphoneos*]" = "iPhone Developer";
				COPY_PHASE_STRIP = YES;
				ENABLE_NS_ASSERTIONS = NO;
				GCC_C_LANGUAGE_STANDARD = gnu99;
				GCC_WARN_64_TO_32_BIT_CONVERSION = YES;
				GCC_WARN_ABOUT_RETURN_TYPE = YES_ERROR;
				GCC_WARN_UNDECLARED_SELECTOR = YES;
				GCC_WARN_UNINITIALIZED_AUTOS = YES_AGGRESSIVE;
				GCC_WARN_UNUSED_FUNCTION = YES;
				GCC_WARN_UNUSED_VARIABLE = YES;
				IPHONEOS_DEPLOYMENT_TARGET = 7.1;
				SDKROOT = iphoneos;
				VALIDATE_PRODUCT = YES;
			};
			name = Release;
		};
		70A7358718E74BFC00526D85 /* Debug */ = {
			isa = XCBuildConfiguration;
			buildSettings = {
				ASSETCATALOG_COMPILER_APPICON_NAME = AppIcon;
				ASSETCATALOG_COMPILER_LAUNCHIMAGE_NAME = LaunchImage;
				GCC_PRECOMPILE_PREFIX_HEADER = YES;
				GCC_PREFIX_HEADER = "WildKingdomBoundless/WildKingdomBoundless-Prefix.pch";
				INFOPLIST_FILE = "WildKingdomBoundless/WildKingdomBoundless-Info.plist";
				PRODUCT_NAME = "$(TARGET_NAME)";
				WRAPPER_EXTENSION = app;
			};
			name = Debug;
		};
		70A7358818E74BFC00526D85 /* Release */ = {
			isa = XCBuildConfiguration;
			buildSettings = {
				ASSETCATALOG_COMPILER_APPICON_NAME = AppIcon;
				ASSETCATALOG_COMPILER_LAUNCHIMAGE_NAME = LaunchImage;
				GCC_PRECOMPILE_PREFIX_HEADER = YES;
				GCC_PREFIX_HEADER = "WildKingdomBoundless/WildKingdomBoundless-Prefix.pch";
				INFOPLIST_FILE = "WildKingdomBoundless/WildKingdomBoundless-Info.plist";
				PRODUCT_NAME = "$(TARGET_NAME)";
				WRAPPER_EXTENSION = app;
			};
			name = Release;
		};
		70A7358A18E74BFC00526D85 /* Debug */ = {
			isa = XCBuildConfiguration;
			buildSettings = {
				BUNDLE_LOADER = "$(BUILT_PRODUCTS_DIR)/WildKingdomBoundless.app/WildKingdomBoundless";
				FRAMEWORK_SEARCH_PATHS = (
					"$(SDKROOT)/Developer/Library/Frameworks",
					"$(inherited)",
					"$(DEVELOPER_FRAMEWORKS_DIR)",
				);
				GCC_PRECOMPILE_PREFIX_HEADER = YES;
				GCC_PREFIX_HEADER = "WildKingdomBoundless/WildKingdomBoundless-Prefix.pch";
				GCC_PREPROCESSOR_DEFINITIONS = (
					"DEBUG=1",
					"$(inherited)",
				);
				INFOPLIST_FILE = "WildKingdomBoundlessTests/WildKingdomBoundlessTests-Info.plist";
				PRODUCT_NAME = "$(TARGET_NAME)";
				TEST_HOST = "$(BUNDLE_LOADER)";
				WRAPPER_EXTENSION = xctest;
			};
			name = Debug;
		};
		70A7358B18E74BFC00526D85 /* Release */ = {
			isa = XCBuildConfiguration;
			buildSettings = {
				BUNDLE_LOADER = "$(BUILT_PRODUCTS_DIR)/WildKingdomBoundless.app/WildKingdomBoundless";
				FRAMEWORK_SEARCH_PATHS = (
					"$(SDKROOT)/Developer/Library/Frameworks",
					"$(inherited)",
					"$(DEVELOPER_FRAMEWORKS_DIR)",
				);
				GCC_PRECOMPILE_PREFIX_HEADER = YES;
				GCC_PREFIX_HEADER = "WildKingdomBoundless/WildKingdomBoundless-Prefix.pch";
				INFOPLIST_FILE = "WildKingdomBoundlessTests/WildKingdomBoundlessTests-Info.plist";
				PRODUCT_NAME = "$(TARGET_NAME)";
				TEST_HOST = "$(BUNDLE_LOADER)";
				WRAPPER_EXTENSION = xctest;
			};
			name = Release;
		};
/* End XCBuildConfiguration section */

/* Begin XCConfigurationList section */
		70A7355518E74BFC00526D85 /* Build configuration list for PBXProject "WildKingdomBoundless" */ = {
			isa = XCConfigurationList;
			buildConfigurations = (
				70A7358418E74BFC00526D85 /* Debug */,
				70A7358518E74BFC00526D85 /* Release */,
			);
			defaultConfigurationIsVisible = 0;
			defaultConfigurationName = Release;
		};
		70A7358618E74BFC00526D85 /* Build configuration list for PBXNativeTarget "WildKingdomBoundless" */ = {
			isa = XCConfigurationList;
			buildConfigurations = (
				70A7358718E74BFC00526D85 /* Debug */,
				70A7358818E74BFC00526D85 /* Release */,
			);
			defaultConfigurationIsVisible = 0;
			defaultConfigurationName = Release;
		};
		70A7358918E74BFC00526D85 /* Build configuration list for PBXNativeTarget "WildKingdomBoundlessTests" */ = {
			isa = XCConfigurationList;
			buildConfigurations = (
				70A7358A18E74BFC00526D85 /* Debug */,
				70A7358B18E74BFC00526D85 /* Release */,
			);
			defaultConfigurationIsVisible = 0;
			defaultConfigurationName = Release;
		};
/* End XCConfigurationList section */
	};
	rootObject = 70A7355218E74BFC00526D85 /* Project object */;
}
